// !$*UTF8*$!
{
	archiveVersion = 1;
	classes = {
	};
	objectVersion = 56;
	objects = {

/* Begin PBXBuildFile section */
		BD21BDE92C120C32006105CA /* AboutMe_App.swift in Sources */ = {isa = PBXBuildFile; fileRef = BD21BDE82C120C32006105CA /* AboutMe_App.swift */; };
		BD21BDEB2C120C32006105CA /* ContentView.swift in Sources */ = {isa = PBXBuildFile; fileRef = BD21BDEA2C120C32006105CA /* ContentView.swift */; };
		BD21BDED2C120C42006105CA /* Assets.xcassets in Resources */ = {isa = PBXBuildFile; fileRef = BD21BDEC2C120C42006105CA /* Assets.xcassets */; };
		BD21BDF02C120C42006105CA /* Preview Assets.xcassets in Resources */ = {isa = PBXBuildFile; fileRef = BD21BDEF2C120C42006105CA /* Preview Assets.xcassets */; };
		BD21BDFA2C120C42006105CA /* AboutMe_Tests.swift in Sources */ = {isa = PBXBuildFile; fileRef = BD21BDF92C120C42006105CA /* AboutMe_Tests.swift */; };
		BD21BE042C120C43006105CA /* AboutMe_UITests.swift in Sources */ = {isa = PBXBuildFile; fileRef = BD21BE032C120C43006105CA /* AboutMe_UITests.swift */; };
		BD21BE062C120C43006105CA /* AboutMe_UITestsLaunchTests.swift in Sources */ = {isa = PBXBuildFile; fileRef = BD21BE052C120C43006105CA /* AboutMe_UITestsLaunchTests.swift */; };
/* End PBXBuildFile section */

/* Begin PBXContainerItemProxy section */
		BD21BDF62C120C42006105CA /* PBXContainerItemProxy */ = {
			isa = PBXContainerItemProxy;
			containerPortal = BD21BDDD2C120C32006105CA /* Project object */;
			proxyType = 1;
			remoteGlobalIDString = BD21BDE42C120C32006105CA;
			remoteInfo = "AboutMe!";
		};
		BD21BE002C120C43006105CA /* PBXContainerItemProxy */ = {
			isa = PBXContainerItemProxy;
			containerPortal = BD21BDDD2C120C32006105CA /* Project object */;
			proxyType = 1;
			remoteGlobalIDString = BD21BDE42C120C32006105CA;
			remoteInfo = "AboutMe!";
		};
/* End PBXContainerItemProxy section */

/* Begin PBXFileReference section */
		BD21BDE52C120C32006105CA /* AboutMe!.app */ = {isa = PBXFileReference; explicitFileType = wrapper.application; includeInIndex = 0; path = "AboutMe!.app"; sourceTree = BUILT_PRODUCTS_DIR; };
		BD21BDE82C120C32006105CA /* AboutMe_App.swift */ = {isa = PBXFileReference; lastKnownFileType = sourcecode.swift; path = AboutMe_App.swift; sourceTree = "<group>"; };
		BD21BDEA2C120C32006105CA /* ContentView.swift */ = {isa = PBXFileReference; lastKnownFileType = sourcecode.swift; path = ContentView.swift; sourceTree = "<group>"; };
		BD21BDEC2C120C42006105CA /* Assets.xcassets */ = {isa = PBXFileReference; lastKnownFileType = folder.assetcatalog; path = Assets.xcassets; sourceTree = "<group>"; };
		BD21BDEF2C120C42006105CA /* Preview Assets.xcassets */ = {isa = PBXFileReference; lastKnownFileType = folder.assetcatalog; path = "Preview Assets.xcassets"; sourceTree = "<group>"; };
		BD21BDF52C120C42006105CA /* AboutMe!Tests.xctest */ = {isa = PBXFileReference; explicitFileType = wrapper.cfbundle; includeInIndex = 0; path = "AboutMe!Tests.xctest"; sourceTree = BUILT_PRODUCTS_DIR; };
		BD21BDF92C120C42006105CA /* AboutMe_Tests.swift */ = {isa = PBXFileReference; lastKnownFileType = sourcecode.swift; path = AboutMe_Tests.swift; sourceTree = "<group>"; };
		BD21BDFF2C120C43006105CA /* AboutMe!UITests.xctest */ = {isa = PBXFileReference; explicitFileType = wrapper.cfbundle; includeInIndex = 0; path = "AboutMe!UITests.xctest"; sourceTree = BUILT_PRODUCTS_DIR; };
		BD21BE032C120C43006105CA /* AboutMe_UITests.swift */ = {isa = PBXFileReference; lastKnownFileType = sourcecode.swift; path = AboutMe_UITests.swift; sourceTree = "<group>"; };
		BD21BE052C120C43006105CA /* AboutMe_UITestsLaunchTests.swift */ = {isa = PBXFileReference; lastKnownFileType = sourcecode.swift; path = AboutMe_UITestsLaunchTests.swift; sourceTree = "<group>"; };
/* End PBXFileReference section */

/* Begin PBXFrameworksBuildPhase section */
		BD21BDE22C120C32006105CA /* Frameworks */ = {
			isa = PBXFrameworksBuildPhase;
			buildActionMask = 2147483647;
			files = (
			);
			runOnlyForDeploymentPostprocessing = 0;
		};
		BD21BDF22C120C42006105CA /* Frameworks */ = {
			isa = PBXFrameworksBuildPhase;
			buildActionMask = 2147483647;
			files = (
			);
			runOnlyForDeploymentPostprocessing = 0;
		};
		BD21BDFC2C120C43006105CA /* Frameworks */ = {
			isa = PBXFrameworksBuildPhase;
			buildActionMask = 2147483647;
			files = (
			);
			runOnlyForDeploymentPostprocessing = 0;
		};
/* End PBXFrameworksBuildPhase section */

/* Begin PBXGroup section */
		BD21BDDC2C120C32006105CA = {
			isa = PBXGroup;
			children = (
				BD21BDE72C120C32006105CA /* AboutMe! */,
				BD21BDF82C120C42006105CA /* AboutMe!Tests */,
				BD21BE022C120C43006105CA /* AboutMe!UITests */,
				BD21BDE62C120C32006105CA /* Products */,
			);
			sourceTree = "<group>";
		};
		BD21BDE62C120C32006105CA /* Products */ = {
			isa = PBXGroup;
			children = (
				BD21BDE52C120C32006105CA /* AboutMe!.app */,
				BD21BDF52C120C42006105CA /* AboutMe!Tests.xctest */,
				BD21BDFF2C120C43006105CA /* AboutMe!UITests.xctest */,
			);
			name = Products;
			sourceTree = "<group>";
		};
		BD21BDE72C120C32006105CA /* AboutMe! */ = {
			isa = PBXGroup;
			children = (
				BD21BDE82C120C32006105CA /* AboutMe_App.swift */,
				BD21BDEA2C120C32006105CA /* ContentView.swift */,
				BD21BDEC2C120C42006105CA /* Assets.xcassets */,
				BD21BDEE2C120C42006105CA /* Preview Content */,
			);
			path = "AboutMe!";
			sourceTree = "<group>";
		};
		BD21BDEE2C120C42006105CA /* Preview Content */ = {
			isa = PBXGroup;
			children = (
				BD21BDEF2C120C42006105CA /* Preview Assets.xcassets */,
			);
			path = "Preview Content";
			sourceTree = "<group>";
		};
		BD21BDF82C120C42006105CA /* AboutMe!Tests */ = {
			isa = PBXGroup;
			children = (
				BD21BDF92C120C42006105CA /* AboutMe_Tests.swift */,
			);
			path = "AboutMe!Tests";
			sourceTree = "<group>";
		};
		BD21BE022C120C43006105CA /* AboutMe!UITests */ = {
			isa = PBXGroup;
			children = (
				BD21BE032C120C43006105CA /* AboutMe_UITests.swift */,
				BD21BE052C120C43006105CA /* AboutMe_UITestsLaunchTests.swift */,
			);
			path = "AboutMe!UITests";
			sourceTree = "<group>";
		};
/* End PBXGroup section */

/* Begin PBXNativeTarget section */
		BD21BDE42C120C32006105CA /* AboutMe! */ = {
			isa = PBXNativeTarget;
			buildConfigurationList = BD21BE092C120C43006105CA /* Build configuration list for PBXNativeTarget "AboutMe!" */;
			buildPhases = (
				BD21BDE12C120C32006105CA /* Sources */,
				BD21BDE22C120C32006105CA /* Frameworks */,
				BD21BDE32C120C32006105CA /* Resources */,
			);
			buildRules = (
			);
			dependencies = (
			);
			name = "AboutMe!";
			productName = "AboutMe!";
			productReference = BD21BDE52C120C32006105CA /* AboutMe!.app */;
			productType = "com.apple.product-type.application";
		};
		BD21BDF42C120C42006105CA /* AboutMe!Tests */ = {
			isa = PBXNativeTarget;
			buildConfigurationList = BD21BE0C2C120C43006105CA /* Build configuration list for PBXNativeTarget "AboutMe!Tests" */;
			buildPhases = (
				BD21BDF12C120C42006105CA /* Sources */,
				BD21BDF22C120C42006105CA /* Frameworks */,
				BD21BDF32C120C42006105CA /* Resources */,
			);
			buildRules = (
			);
			dependencies = (
				BD21BDF72C120C42006105CA /* PBXTargetDependency */,
			);
			name = "AboutMe!Tests";
			productName = "AboutMe!Tests";
			productReference = BD21BDF52C120C42006105CA /* AboutMe!Tests.xctest */;
			productType = "com.apple.product-type.bundle.unit-test";
		};
		BD21BDFE2C120C43006105CA /* AboutMe!UITests */ = {
			isa = PBXNativeTarget;
			buildConfigurationList = BD21BE0F2C120C43006105CA /* Build configuration list for PBXNativeTarget "AboutMe!UITests" */;
			buildPhases = (
				BD21BDFB2C120C43006105CA /* Sources */,
				BD21BDFC2C120C43006105CA /* Frameworks */,
				BD21BDFD2C120C43006105CA /* Resources */,
			);
			buildRules = (
			);
			dependencies = (
				BD21BE012C120C43006105CA /* PBXTargetDependency */,
			);
			name = "AboutMe!UITests";
			productName = "AboutMe!UITests";
			productReference = BD21BDFF2C120C43006105CA /* AboutMe!UITests.xctest */;
			productType = "com.apple.product-type.bundle.ui-testing";
		};
/* End PBXNativeTarget section */

/* Begin PBXProject section */
		BD21BDDD2C120C32006105CA /* Project object */ = {
			isa = PBXProject;
			attributes = {
				BuildIndependentTargetsInParallel = 1;
				LastSwiftUpdateCheck = 1540;
				LastUpgradeCheck = 1540;
				TargetAttributes = {
					BD21BDE42C120C32006105CA = {
						CreatedOnToolsVersion = 15.4;
					};
					BD21BDF42C120C42006105CA = {
						CreatedOnToolsVersion = 15.4;
						TestTargetID = BD21BDE42C120C32006105CA;
					};
					BD21BDFE2C120C43006105CA = {
						CreatedOnToolsVersion = 15.4;
						TestTargetID = BD21BDE42C120C32006105CA;
					};
				};
			};
			buildConfigurationList = BD21BDE02C120C32006105CA /* Build configuration list for PBXProject "AboutMe!" */;
			compatibilityVersion = "Xcode 14.0";
			developmentRegion = en;
			hasScannedForEncodings = 0;
			knownRegions = (
				en,
				Base,
			);
			mainGroup = BD21BDDC2C120C32006105CA;
			productRefGroup = BD21BDE62C120C32006105CA /* Products */;
			projectDirPath = "";
			projectRoot = "";
			targets = (
				BD21BDE42C120C32006105CA /* AboutMe! */,
				BD21BDF42C120C42006105CA /* AboutMe!Tests */,
				BD21BDFE2C120C43006105CA /* AboutMe!UITests */,
			);
		};
/* End PBXProject section */

/* Begin PBXResourcesBuildPhase section */
		BD21BDE32C120C32006105CA /* Resources */ = {
			isa = PBXResourcesBuildPhase;
			buildActionMask = 2147483647;
			files = (
				BD21BDF02C120C42006105CA /* Preview Assets.xcassets in Resources */,
				BD21BDED2C120C42006105CA /* Assets.xcassets in Resources */,
			);
			runOnlyForDeploymentPostprocessing = 0;
		};
		BD21BDF32C120C42006105CA /* Resources */ = {
			isa = PBXResourcesBuildPhase;
			buildActionMask = 2147483647;
			files = (
			);
			runOnlyForDeploymentPostprocessing = 0;
		};
		BD21BDFD2C120C43006105CA /* Resources */ = {
			isa = PBXResourcesBuildPhase;
			buildActionMask = 2147483647;
			files = (
			);
			runOnlyForDeploymentPostprocessing = 0;
		};
/* End PBXResourcesBuildPhase section */

/* Begin PBXSourcesBuildPhase section */
		BD21BDE12C120C32006105CA /* Sources */ = {
			isa = PBXSourcesBuildPhase;
			buildActionMask = 2147483647;
			files = (
				BD21BDEB2C120C32006105CA /* ContentView.swift in Sources */,
				BD21BDE92C120C32006105CA /* AboutMe_App.swift in Sources */,
			);
			runOnlyForDeploymentPostprocessing = 0;
		};
		BD21BDF12C120C42006105CA /* Sources */ = {
			isa = PBXSourcesBuildPhase;
			buildActionMask = 2147483647;
			files = (
				BD21BDFA2C120C42006105CA /* AboutMe_Tests.swift in Sources */,
			);
			runOnlyForDeploymentPostprocessing = 0;
		};
		BD21BDFB2C120C43006105CA /* Sources */ = {
			isa = PBXSourcesBuildPhase;
			buildActionMask = 2147483647;
			files = (
				BD21BE062C120C43006105CA /* AboutMe_UITestsLaunchTests.swift in Sources */,
				BD21BE042C120C43006105CA /* AboutMe_UITests.swift in Sources */,
			);
			runOnlyForDeploymentPostprocessing = 0;
		};
/* End PBXSourcesBuildPhase section */

/* Begin PBXTargetDependency section */
		BD21BDF72C120C42006105CA /* PBXTargetDependency */ = {
			isa = PBXTargetDependency;
			target = BD21BDE42C120C32006105CA /* AboutMe! */;
			targetProxy = BD21BDF62C120C42006105CA /* PBXContainerItemProxy */;
		};
		BD21BE012C120C43006105CA /* PBXTargetDependency */ = {
			isa = PBXTargetDependency;
			target = BD21BDE42C120C32006105CA /* AboutMe! */;
			targetProxy = BD21BE002C120C43006105CA /* PBXContainerItemProxy */;
		};
/* End PBXTargetDependency section */

/* Begin XCBuildConfiguration section */
		BD21BE072C120C43006105CA /* Debug */ = {
			isa = XCBuildConfiguration;
			buildSettings = {
				ALWAYS_SEARCH_USER_PATHS = NO;
				ASSETCATALOG_COMPILER_GENERATE_SWIFT_ASSET_SYMBOL_EXTENSIONS = YES;
				CLANG_ANALYZER_NONNULL = YES;
				CLANG_ANALYZER_NUMBER_OBJECT_CONVERSION = YES_AGGRESSIVE;
				CLANG_CXX_LANGUAGE_STANDARD = "gnu++20";
				CLANG_ENABLE_MODULES = YES;
				CLANG_ENABLE_OBJC_ARC = YES;
				CLANG_ENABLE_OBJC_WEAK = YES;
				CLANG_WARN_BLOCK_CAPTURE_AUTORELEASING = YES;
				CLANG_WARN_BOOL_CONVERSION = YES;
				CLANG_WARN_COMMA = YES;
				CLANG_WARN_CONSTANT_CONVERSION = YES;
				CLANG_WARN_DEPRECATED_OBJC_IMPLEMENTATIONS = YES;
				CLANG_WARN_DIRECT_OBJC_ISA_USAGE = YES_ERROR;
				CLANG_WARN_DOCUMENTATION_COMMENTS = YES;
				CLANG_WARN_EMPTY_BODY = YES;
				CLANG_WARN_ENUM_CONVERSION = YES;
				CLANG_WARN_INFINITE_RECURSION = YES;
				CLANG_WARN_INT_CONVERSION = YES;
				CLANG_WARN_NON_LITERAL_NULL_CONVERSION = YES;
				CLANG_WARN_OBJC_IMPLICIT_RETAIN_SELF = YES;
				CLANG_WARN_OBJC_LITERAL_CONVERSION = YES;
				CLANG_WARN_OBJC_ROOT_CLASS = YES_ERROR;
				CLANG_WARN_QUOTED_INCLUDE_IN_FRAMEWORK_HEADER = YES;
				CLANG_WARN_RANGE_LOOP_ANALYSIS = YES;
				CLANG_WARN_STRICT_PROTOTYPES = YES;
				CLANG_WARN_SUSPICIOUS_MOVE = YES;
				CLANG_WARN_UNGUARDED_AVAILABILITY = YES_AGGRESSIVE;
				CLANG_WARN_UNREACHABLE_CODE = YES;
				CLANG_WARN__DUPLICATE_METHOD_MATCH = YES;
				COPY_PHASE_STRIP = NO;
				DEBUG_INFORMATION_FORMAT = dwarf;
				ENABLE_STRICT_OBJC_MSGSEND = YES;
				ENABLE_TESTABILITY = YES;
				ENABLE_USER_SCRIPT_SANDBOXING = YES;
				GCC_C_LANGUAGE_STANDARD = gnu17;
				GCC_DYNAMIC_NO_PIC = NO;
				GCC_NO_COMMON_BLOCKS = YES;
				GCC_OPTIMIZATION_LEVEL = 0;
				GCC_PREPROCESSOR_DEFINITIONS = (
					"DEBUG=1",
					"$(inherited)",
				);
				GCC_WARN_64_TO_32_BIT_CONVERSION = YES;
				GCC_WARN_ABOUT_RETURN_TYPE = YES_ERROR;
				GCC_WARN_UNDECLARED_SELECTOR = YES;
				GCC_WARN_UNINITIALIZED_AUTOS = YES_AGGRESSIVE;
				GCC_WARN_UNUSED_FUNCTION = YES;
				GCC_WARN_UNUSED_VARIABLE = YES;
				IPHONEOS_DEPLOYMENT_TARGET = 17.5;
				LOCALIZATION_PREFERS_STRING_CATALOGS = YES;
				MTL_ENABLE_DEBUG_INFO = INCLUDE_SOURCE;
				MTL_FAST_MATH = YES;
				ONLY_ACTIVE_ARCH = YES;
				SDKROOT = iphoneos;
				SWIFT_ACTIVE_COMPILATION_CONDITIONS = "DEBUG $(inherited)";
				SWIFT_OPTIMIZATION_LEVEL = "-Onone";
			};
			name = Debug;
		};
		BD21BE082C120C43006105CA /* Release */ = {
			isa = XCBuildConfiguration;
			buildSettings = {
				ALWAYS_SEARCH_USER_PATHS = NO;
				ASSETCATALOG_COMPILER_GENERATE_SWIFT_ASSET_SYMBOL_EXTENSIONS = YES;
				CLANG_ANALYZER_NONNULL = YES;
				CLANG_ANALYZER_NUMBER_OBJECT_CONVERSION = YES_AGGRESSIVE;
				CLANG_CXX_LANGUAGE_STANDARD = "gnu++20";
				CLANG_ENABLE_MODULES = YES;
				CLANG_ENABLE_OBJC_ARC = YES;
				CLANG_ENABLE_OBJC_WEAK = YES;
				CLANG_WARN_BLOCK_CAPTURE_AUTORELEASING = YES;
				CLANG_WARN_BOOL_CONVERSION = YES;
				CLANG_WARN_COMMA = YES;
				CLANG_WARN_CONSTANT_CONVERSION = YES;
				CLANG_WARN_DEPRECATED_OBJC_IMPLEMENTATIONS = YES;
				CLANG_WARN_DIRECT_OBJC_ISA_USAGE = YES_ERROR;
				CLANG_WARN_DOCUMENTATION_COMMENTS = YES;
				CLANG_WARN_EMPTY_BODY = YES;
				CLANG_WARN_ENUM_CONVERSION = YES;
				CLANG_WARN_INFINITE_RECURSION = YES;
				CLANG_WARN_INT_CONVERSION = YES;
				CLANG_WARN_NON_LITERAL_NULL_CONVERSION = YES;
				CLANG_WARN_OBJC_IMPLICIT_RETAIN_SELF = YES;
				CLANG_WARN_OBJC_LITERAL_CONVERSION = YES;
				CLANG_WARN_OBJC_ROOT_CLASS = YES_ERROR;
				CLANG_WARN_QUOTED_INCLUDE_IN_FRAMEWORK_HEADER = YES;
				CLANG_WARN_RANGE_LOOP_ANALYSIS = YES;
				CLANG_WARN_STRICT_PROTOTYPES = YES;
				CLANG_WARN_SUSPICIOUS_MOVE = YES;
				CLANG_WARN_UNGUARDED_AVAILABILITY = YES_AGGRESSIVE;
				CLANG_WARN_UNREACHABLE_CODE = YES;
				CLANG_WARN__DUPLICATE_METHOD_MATCH = YES;
				COPY_PHASE_STRIP = NO;
				DEBUG_INFORMATION_FORMAT = "dwarf-with-dsym";
				ENABLE_NS_ASSERTIONS = NO;
				ENABLE_STRICT_OBJC_MSGSEND = YES;
				ENABLE_USER_SCRIPT_SANDBOXING = YES;
				GCC_C_LANGUAGE_STANDARD = gnu17;
				GCC_NO_COMMON_BLOCKS = YES;
				GCC_WARN_64_TO_32_BIT_CONVERSION = YES;
				GCC_WARN_ABOUT_RETURN_TYPE = YES_ERROR;
				GCC_WARN_UNDECLARED_SELECTOR = YES;
				GCC_WARN_UNINITIALIZED_AUTOS = YES_AGGRESSIVE;
				GCC_WARN_UNUSED_FUNCTION = YES;
				GCC_WARN_UNUSED_VARIABLE = YES;
				IPHONEOS_DEPLOYMENT_TARGET = 17.5;
				LOCALIZATION_PREFERS_STRING_CATALOGS = YES;
				MTL_ENABLE_DEBUG_INFO = NO;
				MTL_FAST_MATH = YES;
				SDKROOT = iphoneos;
				SWIFT_COMPILATION_MODE = wholemodule;
				VALIDATE_PRODUCT = YES;
			};
			name = Release;
		};
		BD21BE0A2C120C43006105CA /* Debug */ = {
			isa = XCBuildConfiguration;
			buildSettings = {
				ASSETCATALOG_COMPILER_APPICON_NAME = AppIcon;
				ASSETCATALOG_COMPILER_GLOBAL_ACCENT_COLOR_NAME = AccentColor;
				CODE_SIGN_STYLE = Automatic;
				CURRENT_PROJECT_VERSION = 1;
				DEVELOPMENT_ASSET_PATHS = "\"AboutMe!/Preview Content\"";
				ENABLE_PREVIEWS = YES;
				GENERATE_INFOPLIST_FILE = YES;
				INFOPLIST_KEY_UIApplicationSceneManifest_Generation = YES;
				INFOPLIST_KEY_UIApplicationSupportsIndirectInputEvents = YES;
				INFOPLIST_KEY_UILaunchScreen_Generation = YES;
				INFOPLIST_KEY_UISupportedInterfaceOrientations_iPad = "UIInterfaceOrientationPortrait UIInterfaceOrientationPortraitUpsideDown UIInterfaceOrientationLandscapeLeft UIInterfaceOrientationLandscapeRight";
				INFOPLIST_KEY_UISupportedInterfaceOrientations_iPhone = "UIInterfaceOrientationPortrait UIInterfaceOrientationLandscapeLeft UIInterfaceOrientationLandscapeRight";
				LD_RUNPATH_SEARCH_PATHS = (
					"$(inherited)",
					"@executable_path/Frameworks",
				);
				MARKETING_VERSION = 1.0;
				PRODUCT_BUNDLE_IDENTIFIER = "KWK.AboutMe-";
				PRODUCT_NAME = "$(TARGET_NAME)";
				SWIFT_EMIT_LOC_STRINGS = YES;
				SWIFT_VERSION = 5.0;
				TARGETED_DEVICE_FAMILY = "1,2";
			};
			name = Debug;
		};
		BD21BE0B2C120C43006105CA /* Release */ = {
			isa = XCBuildConfiguration;
			buildSettings = {
				ASSETCATALOG_COMPILER_APPICON_NAME = AppIcon;
				ASSETCATALOG_COMPILER_GLOBAL_ACCENT_COLOR_NAME = AccentColor;
				CODE_SIGN_STYLE = Automatic;
				CURRENT_PROJECT_VERSION = 1;
				DEVELOPMENT_ASSET_PATHS = "\"AboutMe!/Preview Content\"";
				ENABLE_PREVIEWS = YES;
				GENERATE_INFOPLIST_FILE = YES;
				INFOPLIST_KEY_UIApplicationSceneManifest_Generation = YES;
				INFOPLIST_KEY_UIApplicationSupportsIndirectInputEvents = YES;
				INFOPLIST_KEY_UILaunchScreen_Generation = YES;
				INFOPLIST_KEY_UISupportedInterfaceOrientations_iPad = "UIInterfaceOrientationPortrait UIInterfaceOrientationPortraitUpsideDown UIInterfaceOrientationLandscapeLeft UIInterfaceOrientationLandscapeRight";
				INFOPLIST_KEY_UISupportedInterfaceOrientations_iPhone = "UIInterfaceOrientationPortrait UIInterfaceOrientationLandscapeLeft UIInterfaceOrientationLandscapeRight";
				LD_RUNPATH_SEARCH_PATHS = (
					"$(inherited)",
					"@executable_path/Frameworks",
				);
				MARKETING_VERSION = 1.0;
				PRODUCT_BUNDLE_IDENTIFIER = "KWK.AboutMe-";
				PRODUCT_NAME = "$(TARGET_NAME)";
				SWIFT_EMIT_LOC_STRINGS = YES;
				SWIFT_VERSION = 5.0;
				TARGETED_DEVICE_FAMILY = "1,2";
			};
			name = Release;
		};
		BD21BE0D2C120C43006105CA /* Debug */ = {
			isa = XCBuildConfiguration;
			buildSettings = {
				ALWAYS_EMBED_SWIFT_STANDARD_LIBRARIES = YES;
				BUNDLE_LOADER = "$(TEST_HOST)";
				CODE_SIGN_STYLE = Automatic;
				CURRENT_PROJECT_VERSION = 1;
				GENERATE_INFOPLIST_FILE = YES;
				IPHONEOS_DEPLOYMENT_TARGET = 17.5;
				MARKETING_VERSION = 1.0;
				PRODUCT_BUNDLE_IDENTIFIER = "KWK.AboutMe-Tests";
				PRODUCT_NAME = "$(TARGET_NAME)";
				SWIFT_EMIT_LOC_STRINGS = NO;
				SWIFT_VERSION = 5.0;
				TARGETED_DEVICE_FAMILY = "1,2";
				TEST_HOST = "$(BUILT_PRODUCTS_DIR)/AboutMe!.app/$(BUNDLE_EXECUTABLE_FOLDER_PATH)/AboutMe!";
			};
			name = Debug;
		};
		BD21BE0E2C120C43006105CA /* Release */ = {
			isa = XCBuildConfiguration;
			buildSettings = {
				ALWAYS_EMBED_SWIFT_STANDARD_LIBRARIES = YES;
				BUNDLE_LOADER = "$(TEST_HOST)";
				CODE_SIGN_STYLE = Automatic;
				CURRENT_PROJECT_VERSION = 1;
				GENERATE_INFOPLIST_FILE = YES;
				IPHONEOS_DEPLOYMENT_TARGET = 17.5;
				MARKETING_VERSION = 1.0;
				PRODUCT_BUNDLE_IDENTIFIER = "KWK.AboutMe-Tests";
				PRODUCT_NAME = "$(TARGET_NAME)";
				SWIFT_EMIT_LOC_STRINGS = NO;
				SWIFT_VERSION = 5.0;
				TARGETED_DEVICE_FAMILY = "1,2";
				TEST_HOST = "$(BUILT_PRODUCTS_DIR)/AboutMe!.app/$(BUNDLE_EXECUTABLE_FOLDER_PATH)/AboutMe!";
			};
			name = Release;
		};
		BD21BE102C120C43006105CA /* Debug */ = {
			isa = XCBuildConfiguration;
			buildSettings = {
				ALWAYS_EMBED_SWIFT_STANDARD_LIBRARIES = YES;
				CODE_SIGN_STYLE = Automatic;
				CURRENT_PROJECT_VERSION = 1;
				GENERATE_INFOPLIST_FILE = YES;
				MARKETING_VERSION = 1.0;
				PRODUCT_BUNDLE_IDENTIFIER = "KWK.AboutMe-UITests";
				PRODUCT_NAME = "$(TARGET_NAME)";
				SWIFT_EMIT_LOC_STRINGS = NO;
				SWIFT_VERSION = 5.0;
				TARGETED_DEVICE_FAMILY = "1,2";
				TEST_TARGET_NAME = "AboutMe!";
			};
			name = Debug;
		};
		BD21BE112C120C43006105CA /* Release */ = {
			isa = XCBuildConfiguration;
			buildSettings = {
				ALWAYS_EMBED_SWIFT_STANDARD_LIBRARIES = YES;
				CODE_SIGN_STYLE = Automatic;
				CURRENT_PROJECT_VERSION = 1;
				GENERATE_INFOPLIST_FILE = YES;
				MARKETING_VERSION = 1.0;
				PRODUCT_BUNDLE_IDENTIFIER = "KWK.AboutMe-UITests";
				PRODUCT_NAME = "$(TARGET_NAME)";
				SWIFT_EMIT_LOC_STRINGS = NO;
				SWIFT_VERSION = 5.0;
				TARGETED_DEVICE_FAMILY = "1,2";
				TEST_TARGET_NAME = "AboutMe!";
			};
			name = Release;
		};
/* End XCBuildConfiguration section */

/* Begin XCConfigurationList section */
		BD21BDE02C120C32006105CA /* Build configuration list for PBXProject "AboutMe!" */ = {
			isa = XCConfigurationList;
			buildConfigurations = (
				BD21BE072C120C43006105CA /* Debug */,
				BD21BE082C120C43006105CA /* Release */,
			);
			defaultConfigurationIsVisible = 0;
			defaultConfigurationName = Release;
		};
		BD21BE092C120C43006105CA /* Build configuration list for PBXNativeTarget "AboutMe!" */ = {
			isa = XCConfigurationList;
			buildConfigurations = (
				BD21BE0A2C120C43006105CA /* Debug */,
				BD21BE0B2C120C43006105CA /* Release */,
			);
			defaultConfigurationIsVisible = 0;
			defaultConfigurationName = Release;
		};
		BD21BE0C2C120C43006105CA /* Build configuration list for PBXNativeTarget "AboutMe!Tests" */ = {
			isa = XCConfigurationList;
			buildConfigurations = (
				BD21BE0D2C120C43006105CA /* Debug */,
				BD21BE0E2C120C43006105CA /* Release */,
			);
			defaultConfigurationIsVisible = 0;
			defaultConfigurationName = Release;
		};
		BD21BE0F2C120C43006105CA /* Build configuration list for PBXNativeTarget "AboutMe!UITests" */ = {
			isa = XCConfigurationList;
			buildConfigurations = (
				BD21BE102C120C43006105CA /* Debug */,
				BD21BE112C120C43006105CA /* Release */,
			);
			defaultConfigurationIsVisible = 0;
			defaultConfigurationName = Release;
		};
/* End XCConfigurationList section */
	};
	rootObject = BD21BDDD2C120C32006105CA /* Project object */;
}
